// !$*UTF8*$!
{
	archiveVersion = 1;
	classes = {
	};
	objectVersion = 46;
	objects = {

/* Begin PBXBuildFile section */
		6DD3DC2C1987134D00B19CD0 /* AppDelegate.swift in Sources */ = {isa = PBXBuildFile; fileRef = 6DD3DC2B1987134D00B19CD0 /* AppDelegate.swift */; };
		6DD3DC2E1987134D00B19CD0 /* ViewController.swift in Sources */ = {isa = PBXBuildFile; fileRef = 6DD3DC2D1987134D00B19CD0 /* ViewController.swift */; };
		6DD3DC311987134D00B19CD0 /* Main.storyboard in Resources */ = {isa = PBXBuildFile; fileRef = 6DD3DC2F1987134D00B19CD0 /* Main.storyboard */; };
		6DD3DC331987134D00B19CD0 /* Images.xcassets in Resources */ = {isa = PBXBuildFile; fileRef = 6DD3DC321987134D00B19CD0 /* Images.xcassets */; };
		6DD3DC3F1987134D00B19CD0 /* ImageAndBackgroundTests.swift in Sources */ = {isa = PBXBuildFile; fileRef = 6DD3DC3E1987134D00B19CD0 /* ImageAndBackgroundTests.swift */; };
/* End PBXBuildFile section */

/* Begin PBXContainerItemProxy section */
		6DD3DC391987134D00B19CD0 /* PBXContainerItemProxy */ = {
			isa = PBXContainerItemProxy;
			containerPortal = 6DD3DC1E1987134D00B19CD0 /* Project object */;
			proxyType = 1;
			remoteGlobalIDString = 6DD3DC251987134D00B19CD0;
			remoteInfo = ImageAndBackground;
		};
/* End PBXContainerItemProxy section */

/* Begin PBXFileReference section */
		6DD3DC261987134D00B19CD0 /* ImageAndBackground.app */ = {isa = PBXFileReference; explicitFileType = wrapper.application; includeInIndex = 0; path = ImageAndBackground.app; sourceTree = BUILT_PRODUCTS_DIR; };
		6DD3DC2A1987134D00B19CD0 /* Info.plist */ = {isa = PBXFileReference; lastKnownFileType = text.plist.xml; path = Info.plist; sourceTree = "<group>"; };
		6DD3DC2B1987134D00B19CD0 /* AppDelegate.swift */ = {isa = PBXFileReference; lastKnownFileType = sourcecode.swift; path = AppDelegate.swift; sourceTree = "<group>"; };
		6DD3DC2D1987134D00B19CD0 /* ViewController.swift */ = {isa = PBXFileReference; lastKnownFileType = sourcecode.swift; path = ViewController.swift; sourceTree = "<group>"; };
		6DD3DC301987134D00B19CD0 /* Base */ = {isa = PBXFileReference; lastKnownFileType = file.storyboard; name = Base; path = Base.lproj/Main.storyboard; sourceTree = "<group>"; };
		6DD3DC321987134D00B19CD0 /* Images.xcassets */ = {isa = PBXFileReference; lastKnownFileType = folder.assetcatalog; path = Images.xcassets; sourceTree = "<group>"; };
		6DD3DC381987134D00B19CD0 /* ImageAndBackgroundTests.xctest */ = {isa = PBXFileReference; explicitFileType = wrapper.cfbundle; includeInIndex = 0; path = ImageAndBackgroundTests.xctest; sourceTree = BUILT_PRODUCTS_DIR; };
		6DD3DC3D1987134D00B19CD0 /* Info.plist */ = {isa = PBXFileReference; lastKnownFileType = text.plist.xml; path = Info.plist; sourceTree = "<group>"; };
		6DD3DC3E1987134D00B19CD0 /* ImageAndBackgroundTests.swift */ = {isa = PBXFileReference; lastKnownFileType = sourcecode.swift; path = ImageAndBackgroundTests.swift; sourceTree = "<group>"; };
/* End PBXFileReference section */

/* Begin PBXFrameworksBuildPhase section */
		6DD3DC231987134D00B19CD0 /* Frameworks */ = {
			isa = PBXFrameworksBuildPhase;
			buildActionMask = 2147483647;
			files = (
			);
			runOnlyForDeploymentPostprocessing = 0;
		};
		6DD3DC351987134D00B19CD0 /* Frameworks */ = {
			isa = PBXFrameworksBuildPhase;
			buildActionMask = 2147483647;
			files = (
			);
			runOnlyForDeploymentPostprocessing = 0;
		};
/* End PBXFrameworksBuildPhase section */

/* Begin PBXGroup section */
		6DD3DC1D1987134D00B19CD0 = {
			isa = PBXGroup;
			children = (
				6DD3DC281987134D00B19CD0 /* ImageAndBackground */,
				6DD3DC3B1987134D00B19CD0 /* ImageAndBackgroundTests */,
				6DD3DC271987134D00B19CD0 /* Products */,
			);
			sourceTree = "<group>";
		};
		6DD3DC271987134D00B19CD0 /* Products */ = {
			isa = PBXGroup;
			children = (
				6DD3DC261987134D00B19CD0 /* ImageAndBackground.app */,
				6DD3DC381987134D00B19CD0 /* ImageAndBackgroundTests.xctest */,
			);
			name = Products;
			sourceTree = "<group>";
		};
		6DD3DC281987134D00B19CD0 /* ImageAndBackground */ = {
			isa = PBXGroup;
			children = (
				6DD3DC2B1987134D00B19CD0 /* AppDelegate.swift */,
				6DD3DC2D1987134D00B19CD0 /* ViewController.swift */,
				6DD3DC2F1987134D00B19CD0 /* Main.storyboard */,
				6DD3DC321987134D00B19CD0 /* Images.xcassets */,
				6DD3DC291987134D00B19CD0 /* Supporting Files */,
			);
			path = ImageAndBackground;
			sourceTree = "<group>";
		};
		6DD3DC291987134D00B19CD0 /* Supporting Files */ = {
			isa = PBXGroup;
			children = (
				6DD3DC2A1987134D00B19CD0 /* Info.plist */,
			);
			name = "Supporting Files";
			sourceTree = "<group>";
		};
		6DD3DC3B1987134D00B19CD0 /* ImageAndBackgroundTests */ = {
			isa = PBXGroup;
			children = (
				6DD3DC3E1987134D00B19CD0 /* ImageAndBackgroundTests.swift */,
				6DD3DC3C1987134D00B19CD0 /* Supporting Files */,
			);
			path = ImageAndBackgroundTests;
			sourceTree = "<group>";
		};
		6DD3DC3C1987134D00B19CD0 /* Supporting Files */ = {
			isa = PBXGroup;
			children = (
				6DD3DC3D1987134D00B19CD0 /* Info.plist */,
			);
			name = "Supporting Files";
			sourceTree = "<group>";
		};
/* End PBXGroup section */

/* Begin PBXNativeTarget section */
		6DD3DC251987134D00B19CD0 /* ImageAndBackground */ = {
			isa = PBXNativeTarget;
			buildConfigurationList = 6DD3DC421987134D00B19CD0 /* Build configuration list for PBXNativeTarget "ImageAndBackground" */;
			buildPhases = (
				6DD3DC221987134D00B19CD0 /* Sources */,
				6DD3DC231987134D00B19CD0 /* Frameworks */,
				6DD3DC241987134D00B19CD0 /* Resources */,
			);
			buildRules = (
			);
			dependencies = (
			);
			name = ImageAndBackground;
			productName = ImageAndBackground;
			productReference = 6DD3DC261987134D00B19CD0 /* ImageAndBackground.app */;
			productType = "com.apple.product-type.application";
		};
		6DD3DC371987134D00B19CD0 /* ImageAndBackgroundTests */ = {
			isa = PBXNativeTarget;
			buildConfigurationList = 6DD3DC451987134D00B19CD0 /* Build configuration list for PBXNativeTarget "ImageAndBackgroundTests" */;
			buildPhases = (
				6DD3DC341987134D00B19CD0 /* Sources */,
				6DD3DC351987134D00B19CD0 /* Frameworks */,
				6DD3DC361987134D00B19CD0 /* Resources */,
			);
			buildRules = (
			);
			dependencies = (
				6DD3DC3A1987134D00B19CD0 /* PBXTargetDependency */,
			);
			name = ImageAndBackgroundTests;
			productName = ImageAndBackgroundTests;
			productReference = 6DD3DC381987134D00B19CD0 /* ImageAndBackgroundTests.xctest */;
			productType = "com.apple.product-type.bundle.unit-test";
		};
/* End PBXNativeTarget section */

/* Begin PBXProject section */
		6DD3DC1E1987134D00B19CD0 /* Project object */ = {
			isa = PBXProject;
			attributes = {
				LastUpgradeCheck = 0600;
				ORGANIZATIONNAME = "Dan Hoang";
				TargetAttributes = {
					6DD3DC251987134D00B19CD0 = {
						CreatedOnToolsVersion = 6.0;
					};
					6DD3DC371987134D00B19CD0 = {
						CreatedOnToolsVersion = 6.0;
						TestTargetID = 6DD3DC251987134D00B19CD0;
					};
				};
			};
			buildConfigurationList = 6DD3DC211987134D00B19CD0 /* Build configuration list for PBXProject "ImageAndBackground" */;
			compatibilityVersion = "Xcode 3.2";
			developmentRegion = English;
			hasScannedForEncodings = 0;
			knownRegions = (
				en,
				Base,
			);
			mainGroup = 6DD3DC1D1987134D00B19CD0;
			productRefGroup = 6DD3DC271987134D00B19CD0 /* Products */;
			projectDirPath = "";
			projectRoot = "";
			targets = (
				6DD3DC251987134D00B19CD0 /* ImageAndBackground */,
				6DD3DC371987134D00B19CD0 /* ImageAndBackgroundTests */,
			);
		};
/* End PBXProject section */

/* Begin PBXResourcesBuildPhase section */
		6DD3DC241987134D00B19CD0 /* Resources */ = {
			isa = PBXResourcesBuildPhase;
			buildActionMask = 2147483647;
			files = (
				6DD3DC311987134D00B19CD0 /* Main.storyboard in Resources */,
				6DD3DC331987134D00B19CD0 /* Images.xcassets in Resources */,
			);
			runOnlyForDeploymentPostprocessing = 0;
		};
		6DD3DC361987134D00B19CD0 /* Resources */ = {
			isa = PBXResourcesBuildPhase;
			buildActionMask = 2147483647;
			files = (
			);
			runOnlyForDeploymentPostprocessing = 0;
		};
/* End PBXResourcesBuildPhase section */

/* Begin PBXSourcesBuildPhase section */
		6DD3DC221987134D00B19CD0 /* Sources */ = {
			isa = PBXSourcesBuildPhase;
			buildActionMask = 2147483647;
			files = (
				6DD3DC2E1987134D00B19CD0 /* ViewController.swift in Sources */,
				6DD3DC2C1987134D00B19CD0 /* AppDelegate.swift in Sources */,
			);
			runOnlyForDeploymentPostprocessing = 0;
		};
		6DD3DC341987134D00B19CD0 /* Sources */ = {
			isa = PBXSourcesBuildPhase;
			buildActionMask = 2147483647;
			files = (
				6DD3DC3F1987134D00B19CD0 /* ImageAndBackgroundTests.swift in Sources */,
			);
			runOnlyForDeploymentPostprocessing = 0;
		};
/* End PBXSourcesBuildPhase section */

/* Begin PBXTargetDependency section */
		6DD3DC3A1987134D00B19CD0 /* PBXTargetDependency */ = {
			isa = PBXTargetDependency;
			target = 6DD3DC251987134D00B19CD0 /* ImageAndBackground */;
			targetProxy = 6DD3DC391987134D00B19CD0 /* PBXContainerItemProxy */;
		};
/* End PBXTargetDependency section */

/* Begin PBXVariantGroup section */
		6DD3DC2F1987134D00B19CD0 /* Main.storyboard */ = {
			isa = PBXVariantGroup;
			children = (
				6DD3DC301987134D00B19CD0 /* Base */,
			);
			name = Main.storyboard;
			sourceTree = "<group>";
		};
/* End PBXVariantGroup section */

/* Begin XCBuildConfiguration section */
		6DD3DC401987134D00B19CD0 /* Debug */ = {
			isa = XCBuildConfiguration;
			buildSettings = {
				ALWAYS_SEARCH_USER_PATHS = NO;
				CLANG_CXX_LANGUAGE_STANDARD = "gnu++0x";
				CLANG_CXX_LIBRARY = "libc++";
				CLANG_ENABLE_MODULES = YES;
				CLANG_ENABLE_OBJC_ARC = YES;
				CLANG_WARN_BOOL_CONVERSION = YES;
				CLANG_WARN_CONSTANT_CONVERSION = YES;
				CLANG_WARN_DIRECT_OBJC_ISA_USAGE = YES_ERROR;
				CLANG_WARN_EMPTY_BODY = YES;
				CLANG_WARN_ENUM_CONVERSION = YES;
				CLANG_WARN_INT_CONVERSION = YES;
				CLANG_WARN_OBJC_ROOT_CLASS = YES_ERROR;
				CLANG_WARN_UNREACHABLE_CODE = YES;
				CLANG_WARN__DUPLICATE_METHOD_MATCH = YES;
				"CODE_SIGN_IDENTITY[sdk=iphoneos*]" = "iPhone Developer";
				COPY_PHASE_STRIP = NO;
				ENABLE_STRICT_OBJC_MSGSEND = YES;
				GCC_C_LANGUAGE_STANDARD = gnu99;
				GCC_DYNAMIC_NO_PIC = NO;
				GCC_OPTIMIZATION_LEVEL = 0;
				GCC_PREPROCESSOR_DEFINITIONS = (
					"DEBUG=1",
					"$(inherited)",
				);
				GCC_SYMBOLS_PRIVATE_EXTERN = NO;
				GCC_WARN_64_TO_32_BIT_CONVERSION = YES;
				GCC_WARN_ABOUT_RETURN_TYPE = YES_ERROR;
				GCC_WARN_UNDECLARED_SELECTOR = YES;
				GCC_WARN_UNINITIALIZED_AUTOS = YES_AGGRESSIVE;
				GCC_WARN_UNUSED_FUNCTION = YES;
				GCC_WARN_UNUSED_VARIABLE = YES;
				IPHONEOS_DEPLOYMENT_TARGET = 8.0;
				MTL_ENABLE_DEBUG_INFO = YES;
				ONLY_ACTIVE_ARCH = YES;
				SDKROOT = iphoneos;
				SWIFT_OPTIMIZATION_LEVEL = "-Onone";
				TARGETED_DEVICE_FAMILY = "1,2";
			};
			name = Debug;
		};
		6DD3DC411987134D00B19CD0 /* Release */ = {
			isa = XCBuildConfiguration;
			buildSettings = {
				ALWAYS_SEARCH_USER_PATHS = NO;
				CLANG_CXX_LANGUAGE_STANDARD = "gnu++0x";
				CLANG_CXX_LIBRARY = "libc++";
				CLANG_ENABLE_MODULES = YES;
				CLANG_ENABLE_OBJC_ARC = YES;
				CLANG_WARN_BOOL_CONVERSION = YES;
				CLANG_WARN_CONSTANT_CONVERSION = YES;
				CLANG_WARN_DIRECT_OBJC_ISA_USAGE = YES_ERROR;
				CLANG_WARN_EMPTY_BODY = YES;
				CLANG_WARN_ENUM_CONVERSION = YES;
				CLANG_WARN_INT_CONVERSION = YES;
				CLANG_WARN_OBJC_ROOT_CLASS = YES_ERROR;
				CLANG_WARN_UNREACHABLE_CODE = YES;
				CLANG_WARN__DUPLICATE_METHOD_MATCH = YES;
				"CODE_SIGN_IDENTITY[sdk=iphoneos*]" = "iPhone Developer";
				COPY_PHASE_STRIP = YES;
				ENABLE_NS_ASSERTIONS = NO;
				ENABLE_STRICT_OBJC_MSGSEND = YES;
				GCC_C_LANGUAGE_STANDARD = gnu99;
				GCC_WARN_64_TO_32_BIT_CONVERSION = YES;
				GCC_WARN_ABOUT_RETURN_TYPE = YES_ERROR;
				GCC_WARN_UNDECLARED_SELECTOR = YES;
				GCC_WARN_UNINITIALIZED_AUTOS = YES_AGGRESSIVE;
				GCC_WARN_UNUSED_FUNCTION = YES;
				GCC_WARN_UNUSED_VARIABLE = YES;
				IPHONEOS_DEPLOYMENT_TARGET = 8.0;
				MTL_ENABLE_DEBUG_INFO = NO;
				SDKROOT = iphoneos;
				TARGETED_DEVICE_FAMILY = "1,2";
				VALIDATE_PRODUCT = YES;
			};
			name = Release;
		};
		6DD3DC431987134D00B19CD0 /* Debug */ = {
			isa = XCBuildConfiguration;
			buildSettings = {
				ASSETCATALOG_COMPILER_APPICON_NAME = AppIcon;
				ASSETCATALOG_COMPILER_LAUNCHIMAGE_NAME = LaunchImage;
				INFOPLIST_FILE = ImageAndBackground/Info.plist;
				LD_RUNPATH_SEARCH_PATHS = "$(inherited) @executable_path/Frameworks";
				PRODUCT_NAME = "$(TARGET_NAME)";
			};
			name = Debug;
		};
		6DD3DC441987134D00B19CD0 /* Release */ = {
			isa = XCBuildConfiguration;
			buildSettings = {
				ASSETCATALOG_COMPILER_APPICON_NAME = AppIcon;
				ASSETCATALOG_COMPILER_LAUNCHIMAGE_NAME = LaunchImage;
				INFOPLIST_FILE = ImageAndBackground/Info.plist;
				LD_RUNPATH_SEARCH_PATHS = "$(inherited) @executable_path/Frameworks";
				PRODUCT_NAME = "$(TARGET_NAME)";
			};
			name = Release;
		};
		6DD3DC461987134D00B19CD0 /* Debug */ = {
			isa = XCBuildConfiguration;
			buildSettings = {
				BUNDLE_LOADER = "$(BUILT_PRODUCTS_DIR)/ImageAndBackground.app/ImageAndBackground";
				FRAMEWORK_SEARCH_PATHS = (
					"$(SDKROOT)/Developer/Library/Frameworks",
					"$(inherited)",
				);
				GCC_PREPROCESSOR_DEFINITIONS = (
					"DEBUG=1",
					"$(inherited)",
				);
				INFOPLIST_FILE = ImageAndBackgroundTests/Info.plist;
				LD_RUNPATH_SEARCH_PATHS = "$(inherited) @executable_path/Frameworks @loader_path/Frameworks";
				PRODUCT_NAME = "$(TARGET_NAME)";
				TEST_HOST = "$(BUNDLE_LOADER)";
			};
			name = Debug;
		};
		6DD3DC471987134D00B19CD0 /* Release */ = {
			isa = XCBuildConfiguration;
			buildSettings = {
				BUNDLE_LOADER = "$(BUILT_PRODUCTS_DIR)/ImageAndBackground.app/ImageAndBackground";
				FRAMEWORK_SEARCH_PATHS = (
					"$(SDKROOT)/Developer/Library/Frameworks",
					"$(inherited)",
				);
				INFOPLIST_FILE = ImageAndBackgroundTests/Info.plist;
				LD_RUNPATH_SEARCH_PATHS = "$(inherited) @executable_path/Frameworks @loader_path/Frameworks";
				PRODUCT_NAME = "$(TARGET_NAME)";
				TEST_HOST = "$(BUNDLE_LOADER)";
			};
			name = Release;
		};
/* End XCBuildConfiguration section */

/* Begin XCConfigurationList section */
		6DD3DC211987134D00B19CD0 /* Build configuration list for PBXProject "ImageAndBackground" */ = {
			isa = XCConfigurationList;
			buildConfigurations = (
				6DD3DC401987134D00B19CD0 /* Debug */,
				6DD3DC411987134D00B19CD0 /* Release */,
			);
			defaultConfigurationIsVisible = 0;
			defaultConfigurationName = Release;
		};
		6DD3DC421987134D00B19CD0 /* Build configuration list for PBXNativeTarget "ImageAndBackground" */ = {
			isa = XCConfigurationList;
			buildConfigurations = (
				6DD3DC431987134D00B19CD0 /* Debug */,
				6DD3DC441987134D00B19CD0 /* Release */,
			);
			defaultConfigurationIsVisible = 0;
		};
		6DD3DC451987134D00B19CD0 /* Build configuration list for PBXNativeTarget "ImageAndBackgroundTests" */ = {
			isa = XCConfigurationList;
			buildConfigurations = (
				6DD3DC461987134D00B19CD0 /* Debug */,
				6DD3DC471987134D00B19CD0 /* Release */,
			);
			defaultConfigurationIsVisible = 0;
		};
/* End XCConfigurationList section */
	};
	rootObject = 6DD3DC1E1987134D00B19CD0 /* Project object */;
}
